
Microsoft Visual Studio Solution File, Format Version 12.00
# Visual Studio Version 17
VisualStudioVersion = 17.5.002.0
MinimumVisualStudioVersion = 10.0.40219.1
Project("{9A19103F-16F7-4668-BE54-9A1E7A4F7556}") = "FindAMovie", "FindAMovie.csproj", "{AE801475-12E2-4106-8B7D-8C9669E1044D}"
EndProject
Global
	GlobalSection(SolutionConfigurationPlatforms) = preSolution
		Debug|Any CPU = Debug|Any CPU
		Release|Any CPU = Release|Any CPU
	EndGlobalSection
	GlobalSection(ProjectConfigurationPlatforms) = postSolution
		{AE801475-12E2-4106-8B7D-8C9669E1044D}.Debug|Any CPU.ActiveCfg = Debug|Any CPU
		{AE801475-12E2-4106-8B7D-8C9669E1044D}.Debug|Any CPU.Build.0 = Debug|Any CPU
		{AE801475-12E2-4106-8B7D-8C9669E1044D}.Release|Any CPU.ActiveCfg = Release|Any CPU
		{AE801475-12E2-4106-8B7D-8C9669E1044D}.Release|Any CPU.Build.0 = Release|Any CPU
	EndGlobalSection
	GlobalSection(SolutionProperties) = preSolution
		HideSolutionNode = FALSE
	EndGlobalSection
	GlobalSection(ExtensibilityGlobals) = postSolution
		SolutionGuid = {55A84978-E78F-4235-B7E2-9F9954BCAECF}
	EndGlobalSection
EndGlobal
